
Microsoft Visual Studio Solution File, Format Version 12.00
# Visual Studio Version 17
VisualStudioVersion = 17.5.33424.131
MinimumVisualStudioVersion = 10.0.40219.1
Project("{9A19103F-16F7-4668-BE54-9A1E7A4F7556}") = "Host", "Host\Host.csproj", "{A6341520-E5A3-454F-8217-D4B534D90792}"
EndProject
Project("{9A19103F-16F7-4668-BE54-9A1E7A4F7556}") = "Common", "Common\Common.csproj", "{A7897B5F-DF18-4052-A68B-4EF04780C3F2}"
EndProject
Project("{9A19103F-16F7-4668-BE54-9A1E7A4F7556}") = "Entities", "Entities\Entities.csproj", "{BD5C26E5-E749-497B-B500-738EE1368D2D}"
EndProject
Project("{9A19103F-16F7-4668-BE54-9A1E7A4F7556}") = "Data", "Data\Data.csproj", "{5666429D-1054-4AC1-8F51-01262F558A84}"
EndProject
Project("{9A19103F-16F7-4668-BE54-9A1E7A4F7556}") = "Services", "Services\Services.csproj", "{023D5952-3132-4DED-B0E9-561501130393}"
EndProject
Project("{9A19103F-16F7-4668-BE54-9A1E7A4F7556}") = "WebFramework", "WebFramework\WebFramework.csproj", "{E3F51E5B-9454-4632-8450-092F1337C703}"
EndProject
Project("{9A19103F-16F7-4668-BE54-9A1E7A4F7556}") = "MJ.NLog.Mongo", "MJ.NLog.Mongo\MJ.NLog.Mongo.csproj", "{2763FF90-AAFA-464C-B964-E5279B37DD1A}"
EndProject
Project("{FAE04EC0-301F-11D3-BF4B-00C04F79EFBC}") = "MJ.EntityFramwork", "MJ.EntityFramwork\MJ.EntityFramwork.csproj", "{C1B689C8-6601-4748-BDE2-ED4D1B9A256F}"
EndProject
Global
	GlobalSection(SolutionConfigurationPlatforms) = preSolution
		Debug|Any CPU = Debug|Any CPU
		Release|Any CPU = Release|Any CPU
	EndGlobalSection
	GlobalSection(ProjectConfigurationPlatforms) = postSolution
		{A6341520-E5A3-454F-8217-D4B534D90792}.Debug|Any CPU.ActiveCfg = Debug|Any CPU
		{A6341520-E5A3-454F-8217-D4B534D90792}.Debug|Any CPU.Build.0 = Debug|Any CPU
		{A6341520-E5A3-454F-8217-D4B534D90792}.Release|Any CPU.ActiveCfg = Release|Any CPU
		{A6341520-E5A3-454F-8217-D4B534D90792}.Release|Any CPU.Build.0 = Release|Any CPU
		{A7897B5F-DF18-4052-A68B-4EF04780C3F2}.Debug|Any CPU.ActiveCfg = Debug|Any CPU
		{A7897B5F-DF18-4052-A68B-4EF04780C3F2}.Debug|Any CPU.Build.0 = Debug|Any CPU
		{A7897B5F-DF18-4052-A68B-4EF04780C3F2}.Release|Any CPU.ActiveCfg = Release|Any CPU
		{A7897B5F-DF18-4052-A68B-4EF04780C3F2}.Release|Any CPU.Build.0 = Release|Any CPU
		{BD5C26E5-E749-497B-B500-738EE1368D2D}.Debug|Any CPU.ActiveCfg = Debug|Any CPU
		{BD5C26E5-E749-497B-B500-738EE1368D2D}.Debug|Any CPU.Build.0 = Debug|Any CPU
		{BD5C26E5-E749-497B-B500-738EE1368D2D}.Release|Any CPU.ActiveCfg = Release|Any CPU
		{BD5C26E5-E749-497B-B500-738EE1368D2D}.Release|Any CPU.Build.0 = Release|Any CPU
		{5666429D-1054-4AC1-8F51-01262F558A84}.Debug|Any CPU.ActiveCfg = Debug|Any CPU
		{5666429D-1054-4AC1-8F51-01262F558A84}.Debug|Any CPU.Build.0 = Debug|Any CPU
		{5666429D-1054-4AC1-8F51-01262F558A84}.Release|Any CPU.ActiveCfg = Release|Any CPU
		{5666429D-1054-4AC1-8F51-01262F558A84}.Release|Any CPU.Build.0 = Release|Any CPU
		{023D5952-3132-4DED-B0E9-561501130393}.Debug|Any CPU.ActiveCfg = Debug|Any CPU
		{023D5952-3132-4DED-B0E9-561501130393}.Debug|Any CPU.Build.0 = Debug|Any CPU
		{023D5952-3132-4DED-B0E9-561501130393}.Release|Any CPU.ActiveCfg = Release|Any CPU
		{023D5952-3132-4DED-B0E9-561501130393}.Release|Any CPU.Build.0 = Release|Any CPU
		{E3F51E5B-9454-4632-8450-092F1337C703}.Debug|Any CPU.ActiveCfg = Debug|Any CPU
		{E3F51E5B-9454-4632-8450-092F1337C703}.Debug|Any CPU.Build.0 = Debug|Any CPU
		{E3F51E5B-9454-4632-8450-092F1337C703}.Release|Any CPU.ActiveCfg = Release|Any CPU
		{E3F51E5B-9454-4632-8450-092F1337C703}.Release|Any CPU.Build.0 = Release|Any CPU
		{2763FF90-AAFA-464C-B964-E5279B37DD1A}.Debug|Any CPU.ActiveCfg = Debug|Any CPU
		{2763FF90-AAFA-464C-B964-E5279B37DD1A}.Debug|Any CPU.Build.0 = Debug|Any CPU
		{2763FF90-AAFA-464C-B964-E5279B37DD1A}.Release|Any CPU.ActiveCfg = Release|Any CPU
		{2763FF90-AAFA-464C-B964-E5279B37DD1A}.Release|Any CPU.Build.0 = Release|Any CPU
		{C1B689C8-6601-4748-BDE2-ED4D1B9A256F}.Debug|Any CPU.ActiveCfg = Debug|Any CPU
		{C1B689C8-6601-4748-BDE2-ED4D1B9A256F}.Debug|Any CPU.Build.0 = Debug|Any CPU
		{C1B689C8-6601-4748-BDE2-ED4D1B9A256F}.Release|Any CPU.ActiveCfg = Release|Any CPU
		{C1B689C8-6601-4748-BDE2-ED4D1B9A256F}.Release|Any CPU.Build.0 = Release|Any CPU
	EndGlobalSection
	GlobalSection(SolutionProperties) = preSolution
		HideSolutionNode = FALSE
	EndGlobalSection
	GlobalSection(ExtensibilityGlobals) = postSolution
		SolutionGuid = {44A3E109-1862-4A33-9C2A-6F6EF4DC65A9}
	EndGlobalSection
EndGlobal
